
Microsoft Visual Studio Solution File, Format Version 12.00
Project("{2150E333-8FDC-42A3-9474-1A3956D46DE8}") = "src", "src", "{6CC5F840-1B7B-47A1-9F81-7AE4BB421716}"
EndProject
Project("{2150E333-8FDC-42A3-9474-1A3956D46DE8}") = "tests", "tests", "{61A37852-F4F2-435C-A953-BBB895A83C6F}"
EndProject
Project("{2150E333-8FDC-42A3-9474-1A3956D46DE8}") = "docs", "docs", "{29FEB65D-FB35-4CF9-AD5C-897AFB18730E}"
	ProjectSection(SolutionItems) = preProject
		docs\README.md = docs\README.md
		docs\GraphAlgorithms.md = docs\GraphAlgorithms.md
	EndProjectSection
EndProject
Project("{FAE04EC0-301F-11D3-BF4B-00C04F79EFBC}") = "GraphAlgorithms", "src\GraphAlgorithms\GraphAlgorithms.csproj", "{B0E0BEDD-893F-47B0-80D5-48BAE277CC4D}"
EndProject
Project("{FAE04EC0-301F-11D3-BF4B-00C04F79EFBC}") = "GraphAlgorithms.Tests", "tests\GraphAlgorithms.Tests\GraphAlgorithms.Tests.csproj", "{9E3B569F-A35B-46E0-84A2-A1F35A662FB5}"
EndProject
Project("{2150E333-8FDC-42A3-9474-1A3956D46DE8}") = "GraphAlgorithms", "GraphAlgorithms", "{729F7A65-1AFF-4069-A50A-4FF17F4F017B}"
	ProjectSection(SolutionItems) = preProject
		docs\GraphAlgorithms\Graph.md = docs\GraphAlgorithms\Graph.md
		docs\GraphAlgorithms\Graph Usage Example.md = docs\GraphAlgorithms\Graph Usage Example.md
		docs\GraphAlgorithms\Depth First Search.md = docs\GraphAlgorithms\Depth First Search.md
		docs\GraphAlgorithms\Breadth-First Search.md = docs\GraphAlgorithms\Breadth-First Search.md
	EndProjectSection
EndProject
Project("{2150E333-8FDC-42A3-9474-1A3956D46DE8}") = "examples", "examples", "{9D73AFE8-5FBF-4D87-9D60-EF9B18727501}"
EndProject
Project("{FAE04EC0-301F-11D3-BF4B-00C04F79EFBC}") = "Examples.ConnectedComponents", "examples\Examples.ConnectedComponents\Examples.ConnectedComponents.csproj", "{FA5A6D53-58B9-4B45-A1D2-42F33512364F}"
EndProject
Project("{FAE04EC0-301F-11D3-BF4B-00C04F79EFBC}") = "Examples.Graphs.CycleDetection", "examples\Examples.Graphs.CycleDetection\Examples.Graphs.CycleDetection.csproj", "{B64EC518-608F-483A-9DDA-BE2DBE0BD786}"
EndProject
Project("{FAE04EC0-301F-11D3-BF4B-00C04F79EFBC}") = "Examples.Maze", "examples\Examples.Maze\Examples.Maze.csproj", "{76718223-60F1-4868-B723-DADBEF1968B8}"
EndProject
Global
	GlobalSection(SolutionConfigurationPlatforms) = preSolution
		Debug|Any CPU = Debug|Any CPU
		Release|Any CPU = Release|Any CPU
	EndGlobalSection
	GlobalSection(NestedProjects) = preSolution
		{B0E0BEDD-893F-47B0-80D5-48BAE277CC4D} = {6CC5F840-1B7B-47A1-9F81-7AE4BB421716}
		{9E3B569F-A35B-46E0-84A2-A1F35A662FB5} = {61A37852-F4F2-435C-A953-BBB895A83C6F}
		{729F7A65-1AFF-4069-A50A-4FF17F4F017B} = {29FEB65D-FB35-4CF9-AD5C-897AFB18730E}
		{FA5A6D53-58B9-4B45-A1D2-42F33512364F} = {9D73AFE8-5FBF-4D87-9D60-EF9B18727501}
		{B64EC518-608F-483A-9DDA-BE2DBE0BD786} = {9D73AFE8-5FBF-4D87-9D60-EF9B18727501}
		{76718223-60F1-4868-B723-DADBEF1968B8} = {9D73AFE8-5FBF-4D87-9D60-EF9B18727501}
	EndGlobalSection
	GlobalSection(ProjectConfigurationPlatforms) = postSolution
		{B0E0BEDD-893F-47B0-80D5-48BAE277CC4D}.Debug|Any CPU.ActiveCfg = Debug|Any CPU
		{B0E0BEDD-893F-47B0-80D5-48BAE277CC4D}.Debug|Any CPU.Build.0 = Debug|Any CPU
		{B0E0BEDD-893F-47B0-80D5-48BAE277CC4D}.Release|Any CPU.ActiveCfg = Release|Any CPU
		{B0E0BEDD-893F-47B0-80D5-48BAE277CC4D}.Release|Any CPU.Build.0 = Release|Any CPU
		{9E3B569F-A35B-46E0-84A2-A1F35A662FB5}.Debug|Any CPU.ActiveCfg = Debug|Any CPU
		{9E3B569F-A35B-46E0-84A2-A1F35A662FB5}.Debug|Any CPU.Build.0 = Debug|Any CPU
		{9E3B569F-A35B-46E0-84A2-A1F35A662FB5}.Release|Any CPU.ActiveCfg = Release|Any CPU
		{9E3B569F-A35B-46E0-84A2-A1F35A662FB5}.Release|Any CPU.Build.0 = Release|Any CPU
		{FA5A6D53-58B9-4B45-A1D2-42F33512364F}.Debug|Any CPU.ActiveCfg = Debug|Any CPU
		{FA5A6D53-58B9-4B45-A1D2-42F33512364F}.Debug|Any CPU.Build.0 = Debug|Any CPU
		{FA5A6D53-58B9-4B45-A1D2-42F33512364F}.Release|Any CPU.ActiveCfg = Release|Any CPU
		{FA5A6D53-58B9-4B45-A1D2-42F33512364F}.Release|Any CPU.Build.0 = Release|Any CPU
		{B64EC518-608F-483A-9DDA-BE2DBE0BD786}.Debug|Any CPU.ActiveCfg = Debug|Any CPU
		{B64EC518-608F-483A-9DDA-BE2DBE0BD786}.Debug|Any CPU.Build.0 = Debug|Any CPU
		{B64EC518-608F-483A-9DDA-BE2DBE0BD786}.Release|Any CPU.ActiveCfg = Release|Any CPU
		{B64EC518-608F-483A-9DDA-BE2DBE0BD786}.Release|Any CPU.Build.0 = Release|Any CPU
		{76718223-60F1-4868-B723-DADBEF1968B8}.Debug|Any CPU.ActiveCfg = Debug|Any CPU
		{76718223-60F1-4868-B723-DADBEF1968B8}.Debug|Any CPU.Build.0 = Debug|Any CPU
		{76718223-60F1-4868-B723-DADBEF1968B8}.Release|Any CPU.ActiveCfg = Release|Any CPU
		{76718223-60F1-4868-B723-DADBEF1968B8}.Release|Any CPU.Build.0 = Release|Any CPU
	EndGlobalSection
EndGlobal
